# This file is automatically @generated by Cargo.
# It is not intended for manual editing.
[[package]]
name = "buddy-alloc"
version = "0.1.1"
source = "registry+https://github.com/rust-lang/crates.io-index"

[[package]]
name = "ckb-contract-std"
version = "0.1.4-pre"
source = "registry+https://github.com/rust-lang/crates.io-index"
dependencies = [
 "buddy-alloc 0.1.1 (registry+https://github.com/rust-lang/crates.io-index)",
]

[[package]]
name = "dummy-lock"
version = "0.1.0"
dependencies = [
 "ckb-contract-std 0.1.4-pre (registry+https://github.com/rust-lang/crates.io-index)",
]

[metadata]
"checksum buddy-alloc 0.1.1 (registry+https://github.com/rust-lang/crates.io-index)" = "4e9f0d559023af2837fdc8ae308d55222bb4ec13655febf6cbdd16d382d4bff2"
"checksum ckb-contract-std 0.1.4-pre (registry+https://github.com/rust-lang/crates.io-index)" = "adc68a2eb1012ea2a0c45c57ec7cae784c7455ac9d0887d7928698b8b0c7dab4"
