# This file is automatically @generated by Cargo.
# It is not intended for manual editing.
[[package]]
name = "cfg-if"
version = "0.1.10"
source = "registry+https://github.com/rust-lang/crates.io-index"

[[package]]
name = "ckb-contract-std"
version = "0.1.0-pre"
source = "git+https://github.com/jjyr/ckb-contract-std.git#5db1827821d26e23e7535f57c2f0c7bc07b0b7ad"

[[package]]
name = "godwoken-main"
version = "0.1.0"
dependencies = [
 "ckb-contract-std 0.1.0-pre (git+https://github.com/jjyr/ckb-contract-std.git)",
 "godwoken-types 0.1.0-pre",
]

[[package]]
name = "godwoken-types"
version = "0.1.0-pre"
dependencies = [
 "molecule 0.4.0",
]

[[package]]
name = "molecule"
version = "0.4.0"
dependencies = [
 "cfg-if 0.1.10 (registry+https://github.com/rust-lang/crates.io-index)",
]

[metadata]
"checksum cfg-if 0.1.10 (registry+https://github.com/rust-lang/crates.io-index)" = "4785bdd1c96b2a846b2bd7cc02e86b6b3dbf14e7e53446c4f54c92a361040822"
"checksum ckb-contract-std 0.1.0-pre (git+https://github.com/jjyr/ckb-contract-std.git)" = "<none>"
