# This file is automatically @generated by Cargo.
# It is not intended for manual editing.
[[package]]
name = "blake2b-ref"
version = "0.1.0"
source = "registry+https://github.com/rust-lang/crates.io-index"

[[package]]
name = "buddy-alloc"
version = "0.1.2"
source = "registry+https://github.com/rust-lang/crates.io-index"

[[package]]
name = "cfg-if"
version = "0.1.10"
source = "registry+https://github.com/rust-lang/crates.io-index"

[[package]]
name = "ckb-contract-std"
version = "0.1.1"
source = "registry+https://github.com/rust-lang/crates.io-index"
dependencies = [
 "buddy-alloc 0.1.2 (registry+https://github.com/rust-lang/crates.io-index)",
]

[[package]]
name = "ckb-merkle-mountain-range"
version = "0.1.0"
source = "git+https://github.com/nervosnetwork/merkle-mountain-range.git#aad0eddc946de80aa67fe7096c1bebb5677a0d1a"
dependencies = [
 "cfg-if 0.1.10 (registry+https://github.com/rust-lang/crates.io-index)",
]

[[package]]
name = "godwoken-main"
version = "0.1.0"
dependencies = [
 "blake2b-ref 0.1.0 (registry+https://github.com/rust-lang/crates.io-index)",
 "ckb-contract-std 0.1.1 (registry+https://github.com/rust-lang/crates.io-index)",
 "ckb-merkle-mountain-range 0.1.0 (git+https://github.com/nervosnetwork/merkle-mountain-range.git)",
 "godwoken-types 0.1.0-pre",
]

[[package]]
name = "godwoken-types"
version = "0.1.0-pre"
dependencies = [
 "molecule 0.4.0",
]

[[package]]
name = "molecule"
version = "0.4.0"
dependencies = [
 "cfg-if 0.1.10 (registry+https://github.com/rust-lang/crates.io-index)",
]

[metadata]
"checksum blake2b-ref 0.1.0 (registry+https://github.com/rust-lang/crates.io-index)" = "d9f6b7b71e3097ed6ee470bab30e1025dd1327eee94ab1e3040b5b5c3f992117"
"checksum buddy-alloc 0.1.2 (registry+https://github.com/rust-lang/crates.io-index)" = "16220bbb33cb8861c373ae045ecc77f7faa1a4e964bb21cb8373d1079b0907cb"
"checksum cfg-if 0.1.10 (registry+https://github.com/rust-lang/crates.io-index)" = "4785bdd1c96b2a846b2bd7cc02e86b6b3dbf14e7e53446c4f54c92a361040822"
"checksum ckb-contract-std 0.1.1 (registry+https://github.com/rust-lang/crates.io-index)" = "68c50acfd8ea4efd818a1207133b297474f111b4af8ce69ca9fa26173bd65cca"
"checksum ckb-merkle-mountain-range 0.1.0 (git+https://github.com/nervosnetwork/merkle-mountain-range.git)" = "<none>"
